
Microsoft Visual Studio Solution File, Format Version 12.00
# Visual Studio Version 16
VisualStudioVersion = 16.0.30114.105
MinimumVisualStudioVersion = 10.0.40219.1
Project("{9A19103F-16F7-4668-BE54-9A1E7A4F7556}") = "sero", "sero\sero.csproj", "{23AFE52E-D758-439B-B6AD-D0E623B6CF4C}"
EndProject
Project("{9A19103F-16F7-4668-BE54-9A1E7A4F7556}") = "medbay", "medbay\medbay.csproj", "{2E968857-D7A3-4B66-B28C-78AEEB96C010}"
EndProject
Project("{9A19103F-16F7-4668-BE54-9A1E7A4F7556}") = "dontstealmods", "dontstealmods\dontstealmods.csproj", "{A6BD129E-8581-4AD0-AAD6-FFB4067118D3}"
EndProject
Global
	GlobalSection(SolutionConfigurationPlatforms) = preSolution
		Debug|Any CPU = Debug|Any CPU
		Release|Any CPU = Release|Any CPU
	EndGlobalSection
	GlobalSection(ProjectConfigurationPlatforms) = postSolution
		{23AFE52E-D758-439B-B6AD-D0E623B6CF4C}.Debug|Any CPU.ActiveCfg = Debug|Any CPU
		{23AFE52E-D758-439B-B6AD-D0E623B6CF4C}.Debug|Any CPU.Build.0 = Debug|Any CPU
		{23AFE52E-D758-439B-B6AD-D0E623B6CF4C}.Release|Any CPU.ActiveCfg = Release|Any CPU
		{23AFE52E-D758-439B-B6AD-D0E623B6CF4C}.Release|Any CPU.Build.0 = Release|Any CPU
		{2E968857-D7A3-4B66-B28C-78AEEB96C010}.Debug|Any CPU.ActiveCfg = Debug|Any CPU
		{2E968857-D7A3-4B66-B28C-78AEEB96C010}.Debug|Any CPU.Build.0 = Debug|Any CPU
		{2E968857-D7A3-4B66-B28C-78AEEB96C010}.Release|Any CPU.ActiveCfg = Release|Any CPU
		{2E968857-D7A3-4B66-B28C-78AEEB96C010}.Release|Any CPU.Build.0 = Release|Any CPU
		{A6BD129E-8581-4AD0-AAD6-FFB4067118D3}.Debug|Any CPU.ActiveCfg = Debug|Any CPU
		{A6BD129E-8581-4AD0-AAD6-FFB4067118D3}.Debug|Any CPU.Build.0 = Debug|Any CPU
		{A6BD129E-8581-4AD0-AAD6-FFB4067118D3}.Release|Any CPU.ActiveCfg = Release|Any CPU
		{A6BD129E-8581-4AD0-AAD6-FFB4067118D3}.Release|Any CPU.Build.0 = Release|Any CPU
	EndGlobalSection
	GlobalSection(SolutionProperties) = preSolution
		HideSolutionNode = FALSE
	EndGlobalSection
	GlobalSection(ExtensibilityGlobals) = postSolution
		SolutionGuid = {A5283354-B689-43A2-871F-E60AA0F2944F}
	EndGlobalSection
EndGlobal
