
Microsoft Visual Studio Solution File, Format Version 12.00
# Visual Studio Version 16
VisualStudioVersion = 16.0.30114.105
MinimumVisualStudioVersion = 10.0.40219.1
Project("{9A19103F-16F7-4668-BE54-9A1E7A4F7556}") = "SERO", "sero\Data\Scripts\SERO.csproj", "{D410307D-88C4-4765-B4EA-CCC95843D99E}"
EndProject
Global
	GlobalSection(SolutionConfigurationPlatforms) = preSolution
		Debug|Any CPU = Debug|Any CPU
		Release|Any CPU = Release|Any CPU
	EndGlobalSection
	GlobalSection(ProjectConfigurationPlatforms) = postSolution
		{D410307D-88C4-4765-B4EA-CCC95843D99E}.Debug|Any CPU.ActiveCfg = Debug|Any CPU
		{D410307D-88C4-4765-B4EA-CCC95843D99E}.Debug|Any CPU.Build.0 = Debug|Any CPU
		{D410307D-88C4-4765-B4EA-CCC95843D99E}.Release|Any CPU.ActiveCfg = Release|Any CPU
		{D410307D-88C4-4765-B4EA-CCC95843D99E}.Release|Any CPU.Build.0 = Release|Any CPU
	EndGlobalSection
	GlobalSection(SolutionProperties) = preSolution
		HideSolutionNode = FALSE
	EndGlobalSection
	GlobalSection(ExtensibilityGlobals) = postSolution
		SolutionGuid = {A5283354-B689-43A2-871F-E60AA0F2944F}
	EndGlobalSection
EndGlobal
